
Microsoft Visual Studio Solution File, Format Version 12.00
# Visual Studio Version 17
VisualStudioVersion = 17.8.34322.80
MinimumVisualStudioVersion = 10.0.40219.1
Project("{FAE04EC0-301F-11D3-BF4B-00C04F79EFBC}") = "IT_Lab_1", "IT_Lab_1\IT_Lab_1.csproj", "{61890EEE-C0B5-4B6F-B34D-8B6835F08A85}"
EndProject
Global
	GlobalSection(SolutionConfigurationPlatforms) = preSolution
		Debug|Any CPU = Debug|Any CPU
		Release|Any CPU = Release|Any CPU
	EndGlobalSection
	GlobalSection(ProjectConfigurationPlatforms) = postSolution
		{61890EEE-C0B5-4B6F-B34D-8B6835F08A85}.Debug|Any CPU.ActiveCfg = Debug|Any CPU
		{61890EEE-C0B5-4B6F-B34D-8B6835F08A85}.Debug|Any CPU.Build.0 = Debug|Any CPU
		{61890EEE-C0B5-4B6F-B34D-8B6835F08A85}.Release|Any CPU.ActiveCfg = Release|Any CPU
		{61890EEE-C0B5-4B6F-B34D-8B6835F08A85}.Release|Any CPU.Build.0 = Release|Any CPU
	EndGlobalSection
	GlobalSection(SolutionProperties) = preSolution
		HideSolutionNode = FALSE
	EndGlobalSection
	GlobalSection(ExtensibilityGlobals) = postSolution
		SolutionGuid = {7C0A02C1-8F9B-4054-AFAF-EE4E2E0AB003}
	EndGlobalSection
EndGlobal
